
Microsoft Visual Studio Solution File, Format Version 12.00
# Visual Studio Version 16
VisualStudioVersion = 16.0.31624.102
MinimumVisualStudioVersion = 10.0.40219.1
Project("{FAE04EC0-301F-11D3-BF4B-00C04F79EFBC}") = "PRIMEIRO FORMS", "PRIMEIRO FORMS\PRIMEIRO FORMS.csproj", "{ADCFFD5C-246A-4387-ADDE-8DF9523B2D41}"
EndProject
Global
	GlobalSection(SolutionConfigurationPlatforms) = preSolution
		Debug|Any CPU = Debug|Any CPU
		Release|Any CPU = Release|Any CPU
	EndGlobalSection
	GlobalSection(ProjectConfigurationPlatforms) = postSolution
		{ADCFFD5C-246A-4387-ADDE-8DF9523B2D41}.Debug|Any CPU.ActiveCfg = Debug|Any CPU
		{ADCFFD5C-246A-4387-ADDE-8DF9523B2D41}.Debug|Any CPU.Build.0 = Debug|Any CPU
		{ADCFFD5C-246A-4387-ADDE-8DF9523B2D41}.Release|Any CPU.ActiveCfg = Release|Any CPU
		{ADCFFD5C-246A-4387-ADDE-8DF9523B2D41}.Release|Any CPU.Build.0 = Release|Any CPU
	EndGlobalSection
	GlobalSection(SolutionProperties) = preSolution
		HideSolutionNode = FALSE
	EndGlobalSection
	GlobalSection(ExtensibilityGlobals) = postSolution
		SolutionGuid = {868EEAF4-6D74-442C-B407-1AA86B935483}
	EndGlobalSection
EndGlobal
